
Microsoft Visual Studio Solution File, Format Version 12.00
# Visual Studio Version 16
VisualStudioVersion = 16.0.29424.173
MinimumVisualStudioVersion = 10.0.40219.1
Project("{FAE04EC0-301F-11D3-BF4B-00C04F79EFBC}") = "ProductService", "ProductService\ProductService.csproj", "{0932D3D4-C509-49C3-B22F-C8DB537FCF52}"
EndProject
Project("{FAE04EC0-301F-11D3-BF4B-00C04F79EFBC}") = "ProductService.Repositories", "ProductService.Repositories\ProductService.Repositories.csproj", "{CC5D8BCF-C9B4-478F-9514-F0F8D51BBD26}"
EndProject
Project("{FAE04EC0-301F-11D3-BF4B-00C04F79EFBC}") = "ProductServices.Services", "ProductServices.Services\ProductServices.Services.csproj", "{64B6D76D-100D-4BBE-A442-66F1FF3F576E}"
EndProject
Global
	GlobalSection(SolutionConfigurationPlatforms) = preSolution
		Debug|Any CPU = Debug|Any CPU
		Release|Any CPU = Release|Any CPU
	EndGlobalSection
	GlobalSection(ProjectConfigurationPlatforms) = postSolution
		{0932D3D4-C509-49C3-B22F-C8DB537FCF52}.Debug|Any CPU.ActiveCfg = Debug|Any CPU
		{0932D3D4-C509-49C3-B22F-C8DB537FCF52}.Debug|Any CPU.Build.0 = Debug|Any CPU
		{0932D3D4-C509-49C3-B22F-C8DB537FCF52}.Release|Any CPU.ActiveCfg = Release|Any CPU
		{0932D3D4-C509-49C3-B22F-C8DB537FCF52}.Release|Any CPU.Build.0 = Release|Any CPU
		{CC5D8BCF-C9B4-478F-9514-F0F8D51BBD26}.Debug|Any CPU.ActiveCfg = Debug|Any CPU
		{CC5D8BCF-C9B4-478F-9514-F0F8D51BBD26}.Debug|Any CPU.Build.0 = Debug|Any CPU
		{CC5D8BCF-C9B4-478F-9514-F0F8D51BBD26}.Release|Any CPU.ActiveCfg = Release|Any CPU
		{CC5D8BCF-C9B4-478F-9514-F0F8D51BBD26}.Release|Any CPU.Build.0 = Release|Any CPU
		{64B6D76D-100D-4BBE-A442-66F1FF3F576E}.Debug|Any CPU.ActiveCfg = Debug|Any CPU
		{64B6D76D-100D-4BBE-A442-66F1FF3F576E}.Debug|Any CPU.Build.0 = Debug|Any CPU
		{64B6D76D-100D-4BBE-A442-66F1FF3F576E}.Release|Any CPU.ActiveCfg = Release|Any CPU
		{64B6D76D-100D-4BBE-A442-66F1FF3F576E}.Release|Any CPU.Build.0 = Release|Any CPU
	EndGlobalSection
	GlobalSection(SolutionProperties) = preSolution
		HideSolutionNode = FALSE
	EndGlobalSection
	GlobalSection(ExtensibilityGlobals) = postSolution
		SolutionGuid = {28D1F1A4-4F63-4FEB-87E1-043AC64E3C9B}
	EndGlobalSection
EndGlobal
